{
  "nodes": {
    "comfy-aimdo": {
      "inputs": {
        "flake-lib": [
          "flake-lib"
        ],
        "flake-utils": [
          "flake-utils"
        ],
        "nixpkgs": [
          "nixpkgs"
        ]
      },
      "locked": {
        "lastModified": 1789997646,
        "narHash": "sha256-5UVjxzryxthVk4+vc4Z6dO5DmIm0Ha+8hBc41nZDyOE=",
        "owner": "jgus-org",
        "repo": "comfy-aimdo-flake",
        "rev": "144ada58bbc591776aa1a327002bcd782ccaf7f6",
        "type": "github"
      },
      "original": {
        "owner": "jgus-org",
        "repo": "comfy-aimdo-flake",
        "type": "github"
      }
    },
    "comfy-kitchen": {
      "inputs": {
        "flake-lib": [
          "flake-lib"
        ],
        "flake-utils": [
          "flake-utils"
        ],
        "nixpkgs": [
          "nixpkgs"
        ]
      },
      "locked": {
        "lastModified": 1789998877,
        "narHash": "sha256-dsNfv/NwLys6os/wV8rwIQE8pV7aU8f2TqzRRkNSYpo=",
        "owner": "jgus-org",
        "repo": "comfy-kitchen-flake",
        "rev": "e92b90df2d6a64112dd2f157510cd6a9653ea28d",
        "type": "github"
      },
      "original": {
        "owner": "jgus-org",
        "repo": "comfy-kitchen-flake",
        "type": "github"
      }
    },
    "comfyui-embedded-docs": {
      "inputs": {
        "flake-lib": [
          "flake-lib"
        ],
        "flake-utils": [
          "flake-utils"
        ],
        "nixpkgs": [
          "nixpkgs"
        ]
      },
      "locked": {
        "lastModified": 1789997196,
        "narHash": "sha256-MBNqmzDx0U0/YvGZfJA0IVmqgtwofgRZ0+XVGq2mGzU=",
        "owner": "jgus-org",
        "repo": "comfyui-embedded-docs-flake",
        "rev": "0812cdc88289e11804e3bb6171045472092afd6e",
        "type": "github"
      },
      "original": {
        "owner": "jgus-org",
        "repo": "comfyui-embedded-docs-flake",
        "type": "github"
      }
    },
    "comfyui-frontend-package": {
      "inputs": {
        "flake-lib": [
          "flake-lib"
        ],
        "flake-utils": [
          "flake-utils"
        ],
        "nixpkgs": [
          "nixpkgs"
        ]
      },
      "locked": {
        "lastModified": 1789997750,
        "narHash": "sha256-J0Yyv8sCVclSOOKbNQbKoCK6MUqASMZZaO6nM/Gz5/s=",
        "owner": "jgus-org",
        "repo": "comfyui-frontend-package-flake",
        "rev": "ebb0a6a01b3fffde4d5a7658912ec953d0fe49eb",
        "type": "github"
      },
      "original": {
        "owner": "jgus-org",
        "repo": "comfyui-frontend-package-flake",
        "type": "github"
      }
    },
    "comfyui-workflow-templates": {
      "inputs": {
        "comfyui-workflow-templates-core": "comfyui-workflow-templates-core",
        "comfyui-workflow-templates-json": "comfyui-workflow-templates-json",
        "comfyui-workflow-templates-media-api": "comfyui-workflow-templates-media-api",
        "comfyui-workflow-templates-media-assets-01": "comfyui-workflow-templates-media-assets-01",
        "comfyui-workflow-templates-media-image": "comfyui-workflow-templates-media-image",
        "comfyui-workflow-templates-media-other": "comfyui-workflow-templates-media-other",
        "comfyui-workflow-templates-media-video": "comfyui-workflow-templates-media-video",
        "flake-lib": [
          "flake-lib"
        ],
        "flake-utils": [
          "flake-utils"
        ],
        "nixpkgs": [
          "nixpkgs"
        ]
      },
      "locked": {
        "lastModified": 1790000792,
        "narHash": "sha256-cyIx9PRy+hPwvKgNis7hmcRm9D1nWWMV/+mDL0Gf6XQ=",
        "owner": "jgus-org",
        "repo": "comfyui-workflow-templates-flake",
        "rev": "d9aa90edfd399ad4b38436e4c0217781936bafac",
        "type": "github"
      },
      "original": {
        "owner": "jgus-org",
        "repo": "comfyui-workflow-templates-flake",
        "type": "github"
      }
    },
    "comfyui-workflow-templates-core": {
      "inputs": {
        "flake-lib": [
          "comfyui-workflow-templates",
          "flake-lib"
        ],
        "flake-utils": [
          "comfyui-workflow-templates",
          "flake-utils"
        ],
        "nixpkgs": [
          "comfyui-workflow-templates",
          "nixpkgs"
        ]
      },
      "locked": {
        "lastModified": 1789998040,
        "narHash": "sha256-vpLtwGNGFohP8vsd9m1LrmmcdWQPdidth0GidPjD2kw=",
        "owner": "jgus-org",
        "repo": "comfyui-workflow-templates-core-flake",
        "rev": "f9049e30dce1fda369554f06d608f4df19f6c51e",
        "type": "github"
      },
      "original": {
        "owner": "jgus-org",
        "repo": "comfyui-workflow-templates-core-flake",
        "type": "github"
      }
    },
    "comfyui-workflow-templates-json": {
      "inputs": {
        "flake-lib": [
          "comfyui-workflow-templates",
          "flake-lib"
        ],
        "flake-utils": [
          "comfyui-workflow-templates",
          "flake-utils"
        ],
        "nixpkgs": [
          "comfyui-workflow-templates",
          "nixpkgs"
        ]
      },
      "locked": {
        "lastModified": 1789998218,
        "narHash": "sha256-mfQn2mKwXg5Q/wsuyPGVoT/E+SatfQfhRmuM9zKf8BM=",
        "owner": "jgus-org",
        "repo": "comfyui-workflow-templates-json-flake",
        "rev": "9594d585387293c86498180826c424eaecd184ed",
        "type": "github"
      },
      "original": {
        "owner": "jgus-org",
        "repo": "comfyui-workflow-templates-json-flake",
        "type": "github"
      }
    },
    "comfyui-workflow-templates-media-api": {
      "inputs": {
        "flake-lib": [
          "comfyui-workflow-templates",
          "flake-lib"
        ],
        "flake-utils": [
          "comfyui-workflow-templates",
          "flake-utils"
        ],
        "nixpkgs": [
          "comfyui-workflow-templates",
          "nixpkgs"
        ]
      },
      "locked": {
        "lastModified": 1789998723,
        "narHash": "sha256-wa53XbcvTlD9Wf4eFGBWCqzmb6c85FxMD0He3mc6MFE=",
        "owner": "jgus-org",
        "repo": "comfyui-workflow-templates-media-api-flake",
        "rev": "3cf21aa22f8704e2afd6024eaf7b22e8163fa1f3",
        "type": "github"
      },
      "original": {
        "owner": "jgus-org",
        "repo": "comfyui-workflow-templates-media-api-flake",
        "type": "github"
      }
    },
    "comfyui-workflow-templates-media-assets-01": {
      "inputs": {
        "flake-lib": [
          "comfyui-workflow-templates",
          "flake-lib"
        ],
        "flake-utils": [
          "comfyui-workflow-templates",
          "flake-utils"
        ],
        "nixpkgs": [
          "comfyui-workflow-templates",
          "nixpkgs"
        ]
      },
      "locked": {
        "lastModified": 1789998794,
        "narHash": "sha256-DglRn+NRWFsCbB4ZgIT5ooTg4Zh6sgTZzVkkGOXr/f0=",
        "owner": "jgus-org",
        "repo": "comfyui-workflow-templates-media-assets-01-flake",
        "rev": "f2fff8d5873c27966f21913f39d948376771db6e",
        "type": "github"
      },
      "original": {
        "owner": "jgus-org",
        "repo": "comfyui-workflow-templates-media-assets-01-flake",
        "type": "github"
      }
    },
    "comfyui-workflow-templates-media-image": {
      "inputs": {
        "flake-lib": [
          "comfyui-workflow-templates",
          "flake-lib"
        ],
        "flake-utils": [
          "comfyui-workflow-templates",
          "flake-utils"
        ],
        "nixpkgs": [
          "comfyui-workflow-templates",
          "nixpkgs"
        ]
      },
      "locked": {
        "lastModified": 1789997242,
        "narHash": "sha256-Ah3nZv0qE892PI6SPoxwLRXJg5wBXJypZQEDbRopNQg=",
        "owner": "jgus-org",
        "repo": "comfyui-workflow-templates-media-image-flake",
        "rev": "5a0c0977785c9314c0ad36e2ab400089675a502b",
        "type": "github"
      },
      "original": {
        "owner": "jgus-org",
        "repo": "comfyui-workflow-templates-media-image-flake",
        "type": "github"
      }
    },
    "comfyui-workflow-templates-media-other": {
      "inputs": {
        "flake-lib": [
          "comfyui-workflow-templates",
          "flake-lib"
        ],
        "flake-utils": [
          "comfyui-workflow-templates",
          "flake-utils"
        ],
        "nixpkgs": [
          "comfyui-workflow-templates",
          "nixpkgs"
        ]
      },
      "locked": {
        "lastModified": 1789997133,
        "narHash": "sha256-FsiYjUFJsbLVwVUO+tvE74IkR6FYHlrAMQRdhpPCUbU=",
        "owner": "jgus-org",
        "repo": "comfyui-workflow-templates-media-other-flake",
        "rev": "9b07668b132344162bc515c43133218ea014851f",
        "type": "github"
      },
      "original": {
        "owner": "jgus-org",
        "repo": "comfyui-workflow-templates-media-other-flake",
        "type": "github"
      }
    },
    "comfyui-workflow-templates-media-video": {
      "inputs": {
        "flake-lib": [
          "comfyui-workflow-templates",
          "flake-lib"
        ],
        "flake-utils": [
          "comfyui-workflow-templates",
          "flake-utils"
        ],
        "nixpkgs": [
          "comfyui-workflow-templates",
          "nixpkgs"
        ]
      },
      "locked": {
        "lastModified": 1789998026,
        "narHash": "sha256-zWDYFWj1TCKcVi/9T4Nm7HatHsnVM0B+2TxIuiBVfBY=",
        "owner": "jgus-org",
        "repo": "comfyui-workflow-templates-media-video-flake",
        "rev": "9198c225029fccd2452203f42bc3f490c061325f",
        "type": "github"
      },
      "original": {
        "owner": "jgus-org",
        "repo": "comfyui-workflow-templates-media-video-flake",
        "type": "github"
      }
    },
    "flake-lib": {
      "inputs": {
        "flake-utils": [
          "flake-utils"
        ],
        "nixpkgs": [
          "nixpkgs"
        ]
      },
      "locked": {
        "lastModified": 1790001187,
        "narHash": "sha256-gCSj8bPklmf/+0qpBhkkK8lEG9eA+0irD70xBSaqX7k=",
        "owner": "jgus-org",
        "repo": "flake-lib",
        "rev": "bca7ae3e38789e9037e9c721bf178a54b7d24cf6",
        "type": "github"
      },
      "original": {
        "owner": "jgus-org",
        "ref": "v1",
        "repo": "flake-lib",
        "type": "github"
      }
    },
    "flake-utils": {
      "inputs": {
        "systems": "systems"
      },
      "locked": {
        "lastModified": 1731533236,
        "narHash": "sha256-l0KFg5HjrsfsO/JpG+r7fRrqm12kzFHyUHqHCVpMMbI=",
        "owner": "numtide",
        "repo": "flake-utils",
        "rev": "11707dc2f618dd54ca8739b309ec4fc024de578b",
        "type": "github"
      },
      "original": {
        "owner": "numtide",
        "repo": "flake-utils",
        "type": "github"
      }
    },
    "nixpkgs": {
      "locked": {
        "lastModified": 1789844176,
        "narHash": "sha256-COQmpo4lFIzMgUjr3ntDpjH0NwrCnf7N0uhR+6WPGP8=",
        "owner": "NixOS",
        "repo": "nixpkgs",
        "rev": "79b35bf0bda5cd110f856aa5b5b2c5ba4460dbf5",
        "type": "github"
      },
      "original": {
        "owner": "NixOS",
        "ref": "nixpkgs-unstable",
        "repo": "nixpkgs",
        "type": "github"
      }
    },
    "root": {
      "inputs": {
        "comfy-aimdo": "comfy-aimdo",
        "comfy-kitchen": "comfy-kitchen",
        "comfyui-embedded-docs": "comfyui-embedded-docs",
        "comfyui-frontend-package": "comfyui-frontend-package",
        "comfyui-workflow-templates": "comfyui-workflow-templates",
        "flake-lib": "flake-lib",
        "flake-utils": "flake-utils",
        "nixpkgs": "nixpkgs",
        "spandrel": "spandrel"
      }
    },
    "spandrel": {
      "inputs": {
        "flake-lib": [
          "flake-lib"
        ],
        "flake-utils": [
          "flake-utils"
        ],
        "nixpkgs": [
          "nixpkgs"
        ]
      },
      "locked": {
        "lastModified": 1789998701,
        "narHash": "sha256-Fk+EoAiKOsvHjs0nBEvUdrb9GbDR3CI84eUeuLhvqG8=",
        "owner": "jgus-org",
        "repo": "spandrel-flake",
        "rev": "24f6ee0d63a902752c52ea4d62be75b9f61aa629",
        "type": "github"
      },
      "original": {
        "owner": "jgus-org",
        "repo": "spandrel-flake",
        "type": "github"
      }
    },
    "systems": {
      "locked": {
        "lastModified": 1681028828,
        "narHash": "sha256-Vy1rq5AaRuLzOxct8nz4T6wlgyUR7zLU309k9mBC768=",
        "owner": "nix-systems",
        "repo": "default",
        "rev": "da67096a3b9bf56a91d16901293e51ba5b49a27e",
        "type": "github"
      },
      "original": {
        "owner": "nix-systems",
        "repo": "default",
        "type": "github"
      }
    }
  },
  "root": "root",
  "version": 7
}
