{
  "nodes": {
    "comfy-aimdo": {
      "inputs": {
        "flake-lib": [
          "flake-lib"
        ],
        "flake-utils": [
          "flake-utils"
        ],
        "nixpkgs": [
          "nixpkgs"
        ]
      },
      "locked": {
        "lastModified": 1789905580,
        "narHash": "sha256-3Di1TRGZY1GI11EDFbtLPrx8FFw47vwY2QKVXyhbzMw=",
        "owner": "jgus-org",
        "repo": "comfy-aimdo-flake",
        "rev": "0274f15f8ff30df50719f5b13b2558c75d170e43",
        "type": "github"
      },
      "original": {
        "owner": "jgus-org",
        "repo": "comfy-aimdo-flake",
        "type": "github"
      }
    },
    "comfy-kitchen": {
      "inputs": {
        "flake-lib": [
          "flake-lib"
        ],
        "flake-utils": [
          "flake-utils"
        ],
        "nixpkgs": [
          "nixpkgs"
        ]
      },
      "locked": {
        "lastModified": 1789906438,
        "narHash": "sha256-Nh1pyxbVROkLd5/AEjCc0wFGpkf8A8xuTT/FKe8XMG8=",
        "owner": "jgus-org",
        "repo": "comfy-kitchen-flake",
        "rev": "ac5478242077120698ed9054cf7bcdddf0822faf",
        "type": "github"
      },
      "original": {
        "owner": "jgus-org",
        "repo": "comfy-kitchen-flake",
        "type": "github"
      }
    },
    "comfyui-embedded-docs": {
      "inputs": {
        "flake-lib": [
          "flake-lib"
        ],
        "flake-utils": [
          "flake-utils"
        ],
        "nixpkgs": [
          "nixpkgs"
        ]
      },
      "locked": {
        "lastModified": 1789905276,
        "narHash": "sha256-qRQ6zaZ77GroRbD82jhjkkws7ad12OHngVoeZ9KHzXc=",
        "owner": "jgus-org",
        "repo": "comfyui-embedded-docs-flake",
        "rev": "440eb75176f5fe1e0188653ee2c3d5039c9d3055",
        "type": "github"
      },
      "original": {
        "owner": "jgus-org",
        "repo": "comfyui-embedded-docs-flake",
        "type": "github"
      }
    },
    "comfyui-frontend-package": {
      "inputs": {
        "flake-lib": [
          "flake-lib"
        ],
        "flake-utils": [
          "flake-utils"
        ],
        "nixpkgs": [
          "nixpkgs"
        ]
      },
      "locked": {
        "lastModified": 1789905664,
        "narHash": "sha256-Pnt9N15C1PEo3YWecJfnG3reZPv7/SUxFzfLDsTOTak=",
        "owner": "jgus-org",
        "repo": "comfyui-frontend-package-flake",
        "rev": "def39fb7c4756b23bc4dad76b00cbef6cb2bc672",
        "type": "github"
      },
      "original": {
        "owner": "jgus-org",
        "repo": "comfyui-frontend-package-flake",
        "type": "github"
      }
    },
    "comfyui-workflow-templates": {
      "inputs": {
        "flake-lib": [
          "flake-lib"
        ],
        "flake-utils": [
          "flake-utils"
        ],
        "nixpkgs": [
          "nixpkgs"
        ]
      },
      "locked": {
        "lastModified": 1788008102,
        "narHash": "sha256-/fq5kXKpjTnKBtAsore8/8sYVpvUd58bl6D4jBR5fAY=",
        "owner": "jgus-org",
        "repo": "comfyui-workflow-templates-flake",
        "rev": "fab0ffcfb4b4905d4fa848771eef320ecf75095f",
        "type": "github"
      },
      "original": {
        "owner": "jgus-org",
        "repo": "comfyui-workflow-templates-flake",
        "type": "github"
      }
    },
    "flake-lib": {
      "inputs": {
        "flake-utils": [
          "flake-utils"
        ],
        "nixpkgs": [
          "nixpkgs"
        ]
      },
      "locked": {
        "lastModified": 1789876000,
        "narHash": "sha256-V0G5aboEa1sdBUq2jP1xiRToAfiYgDiI/klxqaedIKE=",
        "owner": "jgus-org",
        "repo": "flake-lib",
        "rev": "47bdafcd933c385086181f877f203fa0da6134f7",
        "type": "github"
      },
      "original": {
        "owner": "jgus-org",
        "ref": "v1",
        "repo": "flake-lib",
        "type": "github"
      }
    },
    "flake-utils": {
      "inputs": {
        "systems": "systems"
      },
      "locked": {
        "lastModified": 1731533236,
        "narHash": "sha256-l0KFg5HjrsfsO/JpG+r7fRrqm12kzFHyUHqHCVpMMbI=",
        "owner": "numtide",
        "repo": "flake-utils",
        "rev": "11707dc2f618dd54ca8739b309ec4fc024de578b",
        "type": "github"
      },
      "original": {
        "owner": "numtide",
        "repo": "flake-utils",
        "type": "github"
      }
    },
    "nixpkgs": {
      "locked": {
        "lastModified": 1789724158,
        "narHash": "sha256-nlKgrm0dsVhOSopKheVBCcOpiIticufPPVLdVOI0euA=",
        "owner": "NixOS",
        "repo": "nixpkgs",
        "rev": "0a3468a402c449992505b6a9fc5b06580141b750",
        "type": "github"
      },
      "original": {
        "owner": "NixOS",
        "ref": "nixpkgs-unstable",
        "repo": "nixpkgs",
        "type": "github"
      }
    },
    "root": {
      "inputs": {
        "comfy-aimdo": "comfy-aimdo",
        "comfy-kitchen": "comfy-kitchen",
        "comfyui-embedded-docs": "comfyui-embedded-docs",
        "comfyui-frontend-package": "comfyui-frontend-package",
        "comfyui-workflow-templates": "comfyui-workflow-templates",
        "flake-lib": "flake-lib",
        "flake-utils": "flake-utils",
        "nixpkgs": "nixpkgs",
        "spandrel": "spandrel"
      }
    },
    "spandrel": {
      "inputs": {
        "flake-lib": [
          "flake-lib"
        ],
        "flake-utils": [
          "flake-utils"
        ],
        "nixpkgs": [
          "nixpkgs"
        ]
      },
      "locked": {
        "lastModified": 1789906323,
        "narHash": "sha256-c/V6Cy6LlY3UP29TLAttGWgqWDPxas0GPEHQGOORb2s=",
        "owner": "jgus-org",
        "repo": "spandrel-flake",
        "rev": "5f904d777dad04d0af65c744db1c9129cc2ef287",
        "type": "github"
      },
      "original": {
        "owner": "jgus-org",
        "repo": "spandrel-flake",
        "type": "github"
      }
    },
    "systems": {
      "locked": {
        "lastModified": 1681028828,
        "narHash": "sha256-Vy1rq5AaRuLzOxct8nz4T6wlgyUR7zLU309k9mBC768=",
        "owner": "nix-systems",
        "repo": "default",
        "rev": "da67096a3b9bf56a91d16901293e51ba5b49a27e",
        "type": "github"
      },
      "original": {
        "owner": "nix-systems",
        "repo": "default",
        "type": "github"
      }
    }
  },
  "root": "root",
  "version": 7
}
